
Microsoft Visual Studio Solution File, Format Version 12.00
# Visual Studio 15
VisualStudioVersion = 15.0.26730.12
MinimumVisualStudioVersion = 10.0.40219.1
Project("{2150E333-8FDC-42A3-9474-1A3956D46DE8}") = ".paket", ".paket", "{C78F0B10-BE47-49A5-BA84-EA8FAC23237E}"
	ProjectSection(SolutionItems) = preProject
		paket.dependencies = paket.dependencies
	EndProjectSection
EndProject
Project("{9A19103F-16F7-4668-BE54-9A1E7A4F7556}") = "Cake.OctoDeploy", "Cake.OctoDeploy\Cake.OctoDeploy.csproj", "{1256864B-8106-40AD-9436-696460E1541D}"
EndProject
Project("{FAE04EC0-301F-11D3-BF4B-00C04F79EFBC}") = "Cake.OctoDeploy.Tests", "Cake.OctoDeploy.Tests\Cake.OctoDeploy.Tests.csproj", "{3B27CADA-9531-4667-9083-7A2A2D4775C3}"
EndProject
Global
	GlobalSection(SolutionConfigurationPlatforms) = preSolution
		Debug|Any CPU = Debug|Any CPU
		Release|Any CPU = Release|Any CPU
	EndGlobalSection
	GlobalSection(ProjectConfigurationPlatforms) = postSolution
		{1256864B-8106-40AD-9436-696460E1541D}.Debug|Any CPU.ActiveCfg = Debug|Any CPU
		{1256864B-8106-40AD-9436-696460E1541D}.Debug|Any CPU.Build.0 = Debug|Any CPU
		{1256864B-8106-40AD-9436-696460E1541D}.Release|Any CPU.ActiveCfg = Release|Any CPU
		{1256864B-8106-40AD-9436-696460E1541D}.Release|Any CPU.Build.0 = Release|Any CPU
		{3B27CADA-9531-4667-9083-7A2A2D4775C3}.Debug|Any CPU.ActiveCfg = Debug|Any CPU
		{3B27CADA-9531-4667-9083-7A2A2D4775C3}.Debug|Any CPU.Build.0 = Debug|Any CPU
		{3B27CADA-9531-4667-9083-7A2A2D4775C3}.Release|Any CPU.ActiveCfg = Release|Any CPU
		{3B27CADA-9531-4667-9083-7A2A2D4775C3}.Release|Any CPU.Build.0 = Release|Any CPU
	EndGlobalSection
	GlobalSection(SolutionProperties) = preSolution
		HideSolutionNode = FALSE
	EndGlobalSection
	GlobalSection(ExtensibilityGlobals) = postSolution
		SolutionGuid = {9C3C1718-B4C3-4D70-B6ED-A3715A0DB036}
	EndGlobalSection
EndGlobal
